<Solution>
  <Folder Name="/src/">
    <Project Path="src/CSharpHoogle.Cli/CSharpHoogle.Cli.csproj" />
    <Project Path="src/CSharpHoogle.Core/CSharpHoogle.Core.csproj" />
  </Folder>
  <Folder Name="/tests/">
    <Project Path="tests/CSharpHoogle.Core.Tests/CSharpHoogle.Core.Tests.csproj" />
  </Folder>
</Solution>
